dependencies:
  espressif/esp_modem:
    component_hash: 681d7c8417ce0f2a11a562c6998b7b379a4847be41d84673c11c0c7a6b00e918
    dependencies:
    - name: idf
      require: private
      version: '>=4.1'
    source:
      registry_url: https://components.espressif.com/
      type: service
    version: 1.3.0
  espressif/led_strip:
    component_hash: 28c6509a727ef74925b372ed404772aeedf11cce10b78c3f69b3c66799095e2d
    dependencies:
    - name: idf
      require: private
      version: '>=4.4'
    source:
      registry_url: https://components.espressif.com/
      type: service
    version: 2.5.5
  idf:
    source:
      type: idf
    version: 5.5.0
  userbogd/esp_cron:
    component_hash: 3fe2d37fc6473034b4d8328d9a113465b2521b4284649fe29ac676025b6bd7b5
    dependencies: []
    source:
      git: https://github.com/userbogd/esp_cron.git
      path: .
      type: git
    version: 7266718a6be804ca280a6921795fc75e4d044eeb
  userbogd/ttn-esp32:
    component_hash: 46673f2091b28f3f22d594c77bc863ef52d4abeea3f3ecc5c4ba46c35e7a862d
    dependencies: []
    source:
      git: https://github.com/userbogd/ttn-esp32.git
      path: .
      type: git
    version: b42825192c6455569f1a047b21140d6d1fe5e4ef
direct_dependencies:
- espressif/esp_modem
- espressif/led_strip
- idf
- userbogd/esp_cron
- userbogd/ttn-esp32
manifest_hash: 7a7375c24c3c8fab8d490ca60955b8ccd908ab677e6c60cda2f6518ba84b926a
target: esp32s3
version: 2.0.0
